
Microsoft Visual Studio Solution File, Format Version 12.00
# Visual Studio Version 16
VisualStudioVersion = 16.0.32002.261
MinimumVisualStudioVersion = 10.0.40219.1
Project("{FAE04EC0-301F-11D3-BF4B-00C04F79EFBC}") = "Jwt", "Jwt\Jwt.csproj", "{597623C6-E483-4273-B84C-E8C236411C09}"
EndProject
Global
	GlobalSection(SolutionConfigurationPlatforms) = preSolution
		Debug|Any CPU = Debug|Any CPU
		Release|Any CPU = Release|Any CPU
	EndGlobalSection
	GlobalSection(ProjectConfigurationPlatforms) = postSolution
		{597623C6-E483-4273-B84C-E8C236411C09}.Debug|Any CPU.ActiveCfg = Debug|Any CPU
		{597623C6-E483-4273-B84C-E8C236411C09}.Debug|Any CPU.Build.0 = Debug|Any CPU
		{597623C6-E483-4273-B84C-E8C236411C09}.Release|Any CPU.ActiveCfg = Release|Any CPU
		{597623C6-E483-4273-B84C-E8C236411C09}.Release|Any CPU.Build.0 = Release|Any CPU
	EndGlobalSection
	GlobalSection(SolutionProperties) = preSolution
		HideSolutionNode = FALSE
	EndGlobalSection
	GlobalSection(ExtensibilityGlobals) = postSolution
		SolutionGuid = {F7AFD021-B837-4F47-BF2E-3699A831970A}
	EndGlobalSection
EndGlobal
